github.com/bowman2001/hugo-mod-replacements v0.0.0-20220921205512-fc8a926d6d44 h1:mV95gkDBvDBy+2TAW2P7lx71MwjX2HkXwUIoN2Zh+Dk=
github.com/bowman2001/hugo-mod-replacements v0.0.0-20220921205512-fc8a926d6d44/go.mod h1:Vg5hGRv/wKkyGAd06BM4sXbNXNZl9PKnpVCYLhYcTWc=
github.com/bowman2001/hugo-mod-social v0.0.0-20220922160516-c0876f078323 h1:1sgjFiehnXzshMZSf8650nlLlSxAigA7lzmvCt/MF68=
github.com/bowman2001/hugo-mod-social v0.0.0-20220922160516-c0876f078323/go.mod h1:ndjozvl6IoY+Y3sfcGw0tNjQWVA4iwe2JA8rMqIv+48=
