github.com/bowman2001/hugo-mod-replacements v0.0.0-20220922162241-02d604b5930c h1:tlyM0cugkBaxBh/G1XewZEVi5XsvAzoJzJt1bOvwhS4=
github.com/bowman2001/hugo-mod-replacements v0.0.0-20220922162241-02d604b5930c/go.mod h1:Vg5hGRv/wKkyGAd06BM4sXbNXNZl9PKnpVCYLhYcTWc=
github.com/bowman2001/hugo-mod-social v0.0.0-20220922160516-c0876f078323 h1:1sgjFiehnXzshMZSf8650nlLlSxAigA7lzmvCt/MF68=
github.com/bowman2001/hugo-mod-social v0.0.0-20220922160516-c0876f078323/go.mod h1:ndjozvl6IoY+Y3sfcGw0tNjQWVA4iwe2JA8rMqIv+48=
github.com/bowman2001/hugo-mod-social v0.0.0-20220922193723-023ec9cfd1db h1:Rg1xTJJRoiEIaW2Vg4aaA/CemxZlwORmxhq2vYfTj8c=
github.com/bowman2001/hugo-mod-social v0.0.0-20220922193723-023ec9cfd1db/go.mod h1:ndjozvl6IoY+Y3sfcGw0tNjQWVA4iwe2JA8rMqIv+48=
github.com/bowman2001/hugo-mod-social v0.0.0-20220922201450-414373c223ff h1:8Rmmx0lH6e/Dy9sIMmKFApNcZwUaPRf9B2Sq0Hvlrd0=
github.com/bowman2001/hugo-mod-social v0.0.0-20220922201450-414373c223ff/go.mod h1:ndjozvl6IoY+Y3sfcGw0tNjQWVA4iwe2JA8rMqIv+48=
