github.com/bowman2001/hugo-mod-image v0.0.0-20231001101703-7b5f869a1ddb h1:6z4g8f9q2yaCYBQIYg4oFv8VdD70ideguGqAaagP+Ac=
github.com/bowman2001/hugo-mod-image v0.0.0-20231001101703-7b5f869a1ddb/go.mod h1:HvwTeTDYGtSpn3jPP+2om/qCuA/O/tMsFg3CnuoQGSY=
github.com/bowman2001/hugo-mod-image v0.0.0-20231001110242-7189cfa0b1c9 h1:ywEhEC0yN5E5c4NSI3G03yjqsNzQzhQf4fSEHMDenqs=
github.com/bowman2001/hugo-mod-image v0.0.0-20231001110242-7189cfa0b1c9/go.mod h1:HvwTeTDYGtSpn3jPP+2om/qCuA/O/tMsFg3CnuoQGSY=
github.com/bowman2001/hugo-mod-image v0.0.0-20231001142131-3b885211a1f3 h1:IBP/+bSVwAgDRBpnW21t7O1Zpe0pqBiNMMd0X75E2mI=
github.com/bowman2001/hugo-mod-image v0.0.0-20231001142131-3b885211a1f3/go.mod h1:HvwTeTDYGtSpn3jPP+2om/qCuA/O/tMsFg3CnuoQGSY=
github.com/bowman2001/hugo-mod-image v0.0.0-20231001162635-43a9407ba88e h1:K9XG/cz2yF1OMzfnPqHgyedxUtL+WKbEB9uP066zcgI=
github.com/bowman2001/hugo-mod-image v0.0.0-20231001162635-43a9407ba88e/go.mod h1:HvwTeTDYGtSpn3jPP+2om/qCuA/O/tMsFg3CnuoQGSY=
github.com/bowman2001/hugo-mod-image v0.0.0-20231002101035-730174e930ae h1:Df17H6pBAdDsbIaC7zUDVrLHtU4SPM7cOnF+y5kVOJc=
github.com/bowman2001/hugo-mod-image v0.0.0-20231002101035-730174e930ae/go.mod h1:HvwTeTDYGtSpn3jPP+2om/qCuA/O/tMsFg3CnuoQGSY=
github.com/bowman2001/hugo-mod-image v0.0.0-20231002103430-50d03f240fe0 h1:0tokL/V5JeRAv4I5YSuDlJ9/SGFRej8LS+lR6ZMf91w=
github.com/bowman2001/hugo-mod-image v0.0.0-20231002103430-50d03f240fe0/go.mod h1:HvwTeTDYGtSpn3jPP+2om/qCuA/O/tMsFg3CnuoQGSY=
github.com/bowman2001/hugo-mod-image v0.0.0-20231002115745-ba13466e492d h1:m3gssohOYdLdSDQBZlmBw02Vb1hs1BdSRuAE/qSIDYk=
github.com/bowman2001/hugo-mod-image v0.0.0-20231002115745-ba13466e492d/go.mod h1:HvwTeTDYGtSpn3jPP+2om/qCuA/O/tMsFg3CnuoQGSY=
github.com/bowman2001/hugo-mod-image v0.0.0-20231002194918-86104273c709 h1:MKQUPdhkn8gJ+xDR9ZD0Iw/hrAxi8CmUjlyyxaDwFNs=
github.com/bowman2001/hugo-mod-image v0.0.0-20231002194918-86104273c709/go.mod h1:HvwTeTDYGtSpn3jPP+2om/qCuA/O/tMsFg3CnuoQGSY=
github.com/bowman2001/hugo-mod-image v0.0.0-20231003071825-84a3460274d4 h1:Y+lN/1KNuYxiZXXJnXQK52MD5x/qsGMeh0/1m/PWy8Q=
github.com/bowman2001/hugo-mod-image v0.0.0-20231003071825-84a3460274d4/go.mod h1:HvwTeTDYGtSpn3jPP+2om/qCuA/O/tMsFg3CnuoQGSY=
github.com/bowman2001/hugo-mod-image v0.0.0-20231003102721-c1ff0ac2f4c8 h1:nMlG54DjDJeXlZP2IfzK7lK/WZ9YVU5/ou6CDqxqBK0=
github.com/bowman2001/hugo-mod-image v0.0.0-20231003102721-c1ff0ac2f4c8/go.mod h1:HvwTeTDYGtSpn3jPP+2om/qCuA/O/tMsFg3CnuoQGSY=
github.com/bowman2001/hugo-mod-image v0.0.0-20231003103513-afe580c30252 h1:I8ocj8oBepoPtYydVyTxlo43o74iL8RGCRkf4tPnS+k=
github.com/bowman2001/hugo-mod-image v0.0.0-20231003103513-afe580c30252/go.mod h1:HvwTeTDYGtSpn3jPP+2om/qCuA/O/tMsFg3CnuoQGSY=
github.com/bowman2001/hugo-mod-image v0.0.0-20231003131159-a47ffd066660 h1:X7G2cj+FrKq9dRxJq8VGQdlAhyAHUeFAmehrfRwWPH8=
github.com/bowman2001/hugo-mod-image v0.0.0-20231003131159-a47ffd066660/go.mod h1:HvwTeTDYGtSpn3jPP+2om/qCuA/O/tMsFg3CnuoQGSY=
github.com/bowman2001/hugo-mod-image v0.0.0-20231004065413-28aa1f655669 h1:ARL5945DymnGnT9Ghup/EZn5UGQmoOi5Wg25BBjSx6A=
github.com/bowman2001/hugo-mod-image v0.0.0-20231004065413-28aa1f655669/go.mod h1:HvwTeTDYGtSpn3jPP+2om/qCuA/O/tMsFg3CnuoQGSY=
github.com/bowman2001/hugo-mod-image v0.0.0-20231004072151-1c739eab2dbc h1:mZQhOZFoD1lnxVr9EPauoKQIxWuXUuilljDPp8LnR8E=
github.com/bowman2001/hugo-mod-image v0.0.0-20231004072151-1c739eab2dbc/go.mod h1:HvwTeTDYGtSpn3jPP+2om/qCuA/O/tMsFg3CnuoQGSY=
github.com/bowman2001/hugo-mod-image v0.0.0-20231004083458-f42d8eb3528c h1:0/TT2hQ6hXy/sO4qNxRE0FMJHhDv9GK2cnHdgKgadBk=
github.com/bowman2001/hugo-mod-image v0.0.0-20231004083458-f42d8eb3528c/go.mod h1:HvwTeTDYGtSpn3jPP+2om/qCuA/O/tMsFg3CnuoQGSY=
github.com/bowman2001/hugo-mod-image v0.0.0-20231004100156-bebb8385da3e h1:TYLWSqqSlWtY7AC+AAJQhbFGdSNmhDOl1ruYlVnOf6Q=
github.com/bowman2001/hugo-mod-image v0.0.0-20231004100156-bebb8385da3e/go.mod h1:HvwTeTDYGtSpn3jPP+2om/qCuA/O/tMsFg3CnuoQGSY=
github.com/bowman2001/hugo-mod-image v0.0.0-20231004101227-c378178e6754 h1:+zOldVlNu8IcC46Hqke4ryTzWqN0VRx3bxvxZKUvm0g=
github.com/bowman2001/hugo-mod-image v0.0.0-20231004101227-c378178e6754/go.mod h1:HvwTeTDYGtSpn3jPP+2om/qCuA/O/tMsFg3CnuoQGSY=
github.com/bowman2001/hugo-mod-image v0.0.0-20231004104659-ce888623ff4b h1:rBuHV23Q1vEqKBjhmVr/hRadQcD9ky5r1DTqqhvdgto=
github.com/bowman2001/hugo-mod-image v0.0.0-20231004104659-ce888623ff4b/go.mod h1:HvwTeTDYGtSpn3jPP+2om/qCuA/O/tMsFg3CnuoQGSY=
github.com/bowman2001/hugo-mod-image v0.0.0-20231004114457-1b5b067f7468 h1:4KKYrhlwiV594y+znSTBRtZ4yeukXP2Tn8qoCxs8Xz8=
github.com/bowman2001/hugo-mod-image v0.0.0-20231004114457-1b5b067f7468/go.mod h1:HvwTeTDYGtSpn3jPP+2om/qCuA/O/tMsFg3CnuoQGSY=
github.com/bowman2001/hugo-mod-image v0.0.0-20231004123032-5a9494303fe4 h1:AePNP4oI5Ee5Qj3dW4yiOynYfVBIj98kwJkAgWLamUM=
github.com/bowman2001/hugo-mod-image v0.0.0-20231004123032-5a9494303fe4/go.mod h1:HvwTeTDYGtSpn3jPP+2om/qCuA/O/tMsFg3CnuoQGSY=
github.com/bowman2001/hugo-mod-image v0.0.0-20231004123429-9720fda32390 h1:x79LL5Yiub75fpQ1XLIXL4c+tMMmW9swnEW3vWTyJS0=
github.com/bowman2001/hugo-mod-image v0.0.0-20231004123429-9720fda32390/go.mod h1:HvwTeTDYGtSpn3jPP+2om/qCuA/O/tMsFg3CnuoQGSY=
github.com/bowman2001/hugo-mod-image v0.0.0-20231005090536-3afbfed71f12 h1:DoXu/Zood3mX045T7qPBr0LxhXGdv/C9H7pRCKT+JmU=
github.com/bowman2001/hugo-mod-image v0.0.0-20231005090536-3afbfed71f12/go.mod h1:HvwTeTDYGtSpn3jPP+2om/qCuA/O/tMsFg3CnuoQGSY=
github.com/bowman2001/hugo-mod-image v0.0.0-20231005094940-6931eef5b13b h1:FAJK5HNpbduF7ZbeH5oiP3tt2tr/LNNLpOg0lQy7kxI=
github.com/bowman2001/hugo-mod-image v0.0.0-20231005094940-6931eef5b13b/go.mod h1:HvwTeTDYGtSpn3jPP+2om/qCuA/O/tMsFg3CnuoQGSY=
github.com/bowman2001/hugo-mod-image v0.0.0-20231006113627-f3cd36f79ff9 h1:5+i/lIFu11yXJStUDu7QhJmBdBABvFFk1Zsd4Afi2oM=
github.com/bowman2001/hugo-mod-image v0.0.0-20231006113627-f3cd36f79ff9/go.mod h1:HvwTeTDYGtSpn3jPP+2om/qCuA/O/tMsFg3CnuoQGSY=
github.com/bowman2001/hugo-mod-image v0.0.0-20231007051124-f6551a91d533 h1:QcNnVVTLUFM2F/VRyVy9LOPnzxEVuwdRwGvnLiwh3Cc=
github.com/bowman2001/hugo-mod-image v0.0.0-20231007051124-f6551a91d533/go.mod h1:HvwTeTDYGtSpn3jPP+2om/qCuA/O/tMsFg3CnuoQGSY=
github.com/bowman2001/hugo-mod-image v0.0.0-20231007052753-451a00315596 h1:qART0hQsTT796crsxvTcHeKfmm6s5Vn+4MkjbiB4+n8=
github.com/bowman2001/hugo-mod-image v0.0.0-20231007052753-451a00315596/go.mod h1:HvwTeTDYGtSpn3jPP+2om/qCuA/O/tMsFg3CnuoQGSY=
github.com/bowman2001/hugo-mod-image v0.0.0-20231007053340-16830193d8bf h1:5on8LRHMurmcnz+F1JgfGK4M5QRtVfXhANhbi9yh/kg=
github.com/bowman2001/hugo-mod-image v0.0.0-20231007053340-16830193d8bf/go.mod h1:HvwTeTDYGtSpn3jPP+2om/qCuA/O/tMsFg3CnuoQGSY=
github.com/bowman2001/hugo-mod-image v0.0.0-20231007105904-49428bca8dd9 h1:9ELcHFUdGQ0vOL3VXcU3ItMsRG7zlNUnD8Mmj2HxHHQ=
github.com/bowman2001/hugo-mod-image v0.0.0-20231007105904-49428bca8dd9/go.mod h1:HvwTeTDYGtSpn3jPP+2om/qCuA/O/tMsFg3CnuoQGSY=
github.com/bowman2001/hugo-mod-image v0.0.0-20231007150141-40235b17969b h1:1BNQW5IEblHoRaVWfuJ8+Sw40MYOTHBwQIcuXgVd/Fw=
github.com/bowman2001/hugo-mod-image v0.0.0-20231007150141-40235b17969b/go.mod h1:aIjH9i6yuj+Smp7MslmWMeAszFTWs8qU6aE/rnRDlZM=
github.com/bowman2001/hugo-mod-image v0.0.0-20231007201610-dae75d8e7ea2 h1:M5V/P3X1p78rhJRrqhIMQ1pVFz2P24v7TSKKUxvgGco=
github.com/bowman2001/hugo-mod-image v0.0.0-20231007201610-dae75d8e7ea2/go.mod h1:aIjH9i6yuj+Smp7MslmWMeAszFTWs8qU6aE/rnRDlZM=
github.com/bowman2001/hugo-mod-katex v0.2.3 h1:wYVxLRurgtDaPpkVj1YR/0tjzM7byNJXeFkZaCX6eMs=
github.com/bowman2001/hugo-mod-katex v0.2.3/go.mod h1:3E5XXqk4Mn5Pll6skKVOcNRwRzzCvayNXCeyXgEx4W0=
github.com/bowman2001/hugo-mod-material-symbols v0.0.0-20230808224723-c30f1d4cfdfa h1:jcttE9Z7tz2kzdSN/m8Q4CI4ch0IZS25AHuDSY9Lo7E=
github.com/bowman2001/hugo-mod-material-symbols v0.0.0-20230808224723-c30f1d4cfdfa/go.mod h1:FncDf3/buO83ITNgcuPsVgb2Qg19+ia2q8qhMlbwKdc=
github.com/bowman2001/hugo-mod-mermaid v0.4.2 h1:r6BFnUJtIHodQg6NCtis1FxDRczGZmRc4YxRcWXHp4Q=
github.com/bowman2001/hugo-mod-mermaid v0.4.2/go.mod h1:+HDKjEKHuCE2cnRX4ZsOKXeiL0gCSHpmxORycHS/+pw=
github.com/bowman2001/hugo-mod-meta v0.2.3 h1:7Vi1KcaeBe8B1iohl/5TkrH/jQuS8KN0/yczLqHD3Rg=
github.com/bowman2001/hugo-mod-meta v0.2.3/go.mod h1:zVmeyy6n09TU/R/dJLT1xAjgK4LxkvNrZI5197LknjE=
github.com/bowman2001/hugo-mod-open-in-vscode v1.2.0 h1:EU+WDkw6NbA15TPcLEudk4YBTPkQWaREKPowBqOgnhU=
github.com/bowman2001/hugo-mod-open-in-vscode v1.2.0/go.mod h1:N4vt3jnFUB4QI041NCQZPfw/SWM+cPVG0HwAcWnvJho=
github.com/bowman2001/hugo-mod-open-in-vscode v1.2.1 h1:HjmBaSK1wNR/01EdkldwOWLXSvENW+XQtBYix78wluo=
github.com/bowman2001/hugo-mod-open-in-vscode v1.2.1/go.mod h1:N4vt3jnFUB4QI041NCQZPfw/SWM+cPVG0HwAcWnvJho=
github.com/bowman2001/hugo-mod-pangram v0.0.0-20230803153646-6851d0e94236 h1:dpQ/1Ue1X8xYw00zZNM9QPNIaAwvLU4Wq4FjkBapkrY=
github.com/bowman2001/hugo-mod-pangram v0.0.0-20230803153646-6851d0e94236/go.mod h1:p26SPxvC7Q7pLpgX+qS0qicq8Nck5ewwSkS6IfzF3kM=
github.com/bowman2001/hugo-mod-replacements v0.3.4 h1:SSpSMI0R93eQMKc+ozXThUCef4t6x3Gwn/5Mb5t2pLY=
github.com/bowman2001/hugo-mod-replacements v0.3.4/go.mod h1:Vg5hGRv/wKkyGAd06BM4sXbNXNZl9PKnpVCYLhYcTWc=
github.com/bowman2001/hugo-mod-simple-icons v0.0.0-20230716191508-4c68a81e5385 h1:xFO6QtIwdBRH2sTq4g/r80s5sU28vge1U+CRqSgHbEQ=
github.com/bowman2001/hugo-mod-simple-icons v0.0.0-20230716191508-4c68a81e5385/go.mod h1:VYsc/Eirw/18yQjkxduLrh7IhNHYQR4YDRaKcMMS9Nk=
github.com/bowman2001/hugo-mod-wrap v0.0.0-20230803072025-a10a9f082aac h1:KTrUsCHyIzHIEMRd5jMF+xSWDorNHXaZM5AvMtPo1ag=
github.com/bowman2001/hugo-mod-wrap v0.0.0-20230803072025-a10a9f082aac/go.mod h1:ZfmKGlg5a3bwwe910xjoOWabsyuWidnuUzLOS2gO6iU=
